Microsoft Visual Studio Solution File, Format Version 12.00
# Visual Studio Version 17
VisualStudioVersion = 17.5.2.0
MinimumVisualStudioVersion = 10.0.40219.1
Project("{FAE04EC0-301F-11D3-BF4B-00C04F79EFBC}") = "MonProjetGraphiques", "MonProjetGraphiques.csproj", "{13A8452A-729D-2930-B3D3-BE6CCB5F7BA2}"
EndProject
Global
	GlobalSection(SolutionConfigurationPlatforms) = preSolution
		Debug|Any CPU = Debug|Any CPU
		Release|Any CPU = Release|Any CPU
	EndGlobalSection
	GlobalSection(ProjectConfigurationPlatforms) = postSolution
		{13A8452A-729D-2930-B3D3-BE6CCB5F7BA2}.Debug|Any CPU.ActiveCfg = Debug|Any CPU
		{13A8452A-729D-2930-B3D3-BE6CCB5F7BA2}.Debug|Any CPU.Build.0 = Debug|Any CPU
		{13A8452A-729D-2930-B3D3-BE6CCB5F7BA2}.Release|Any CPU.ActiveCfg = Release|Any CPU
		{13A8452A-729D-2930-B3D3-BE6CCB5F7BA2}.Release|Any CPU.Build.0 = Release|Any CPU
	EndGlobalSection
	GlobalSection(SolutionProperties) = preSolution
		HideSolutionNode = FALSE
	EndGlobalSection
	GlobalSection(ExtensibilityGlobals) = postSolution
		SolutionGuid = {D9FC1981-FC6D-403E-B38B-84F28E51AC58}
	EndGlobalSection
EndGlobal
